
Microsoft Visual Studio Solution File, Format Version 12.00
# Visual Studio Version 17
VisualStudioVersion = 17.13.35825.156
MinimumVisualStudioVersion = 10.0.40219.1
Project("{FAE04EC0-301F-11D3-BF4B-00C04F79EFBC}") = "RefOutParams", "RefOutParams\RefOutParams.csproj", "{8C892D16-DFF5-4623-8C27-41EDEFBF460D}"
EndProject
Project("{FAE04EC0-301F-11D3-BF4B-00C04F79EFBC}") = "OOP", "OOP\OOP.csproj", "{BBD85E9E-E772-49C0-BD08-13292893F31D}"
EndProject
Project("{FAE04EC0-301F-11D3-BF4B-00C04F79EFBC}") = "DelegatesEvents", "DelegatesEvents\DelegatesEvents.csproj", "{24DAC3B6-DFF3-475C-8F95-DB12E551D7B4}"
EndProject
Global
	GlobalSection(SolutionConfigurationPlatforms) = preSolution
		Debug|Any CPU = Debug|Any CPU
		Release|Any CPU = Release|Any CPU
	EndGlobalSection
	GlobalSection(ProjectConfigurationPlatforms) = postSolution
		{8C892D16-DFF5-4623-8C27-41EDEFBF460D}.Debug|Any CPU.ActiveCfg = Debug|Any CPU
		{8C892D16-DFF5-4623-8C27-41EDEFBF460D}.Debug|Any CPU.Build.0 = Debug|Any CPU
		{8C892D16-DFF5-4623-8C27-41EDEFBF460D}.Release|Any CPU.ActiveCfg = Release|Any CPU
		{8C892D16-DFF5-4623-8C27-41EDEFBF460D}.Release|Any CPU.Build.0 = Release|Any CPU
		{BBD85E9E-E772-49C0-BD08-13292893F31D}.Debug|Any CPU.ActiveCfg = Debug|Any CPU
		{BBD85E9E-E772-49C0-BD08-13292893F31D}.Debug|Any CPU.Build.0 = Debug|Any CPU
		{BBD85E9E-E772-49C0-BD08-13292893F31D}.Release|Any CPU.ActiveCfg = Release|Any CPU
		{BBD85E9E-E772-49C0-BD08-13292893F31D}.Release|Any CPU.Build.0 = Release|Any CPU
		{24DAC3B6-DFF3-475C-8F95-DB12E551D7B4}.Debug|Any CPU.ActiveCfg = Debug|Any CPU
		{24DAC3B6-DFF3-475C-8F95-DB12E551D7B4}.Debug|Any CPU.Build.0 = Debug|Any CPU
		{24DAC3B6-DFF3-475C-8F95-DB12E551D7B4}.Release|Any CPU.ActiveCfg = Release|Any CPU
		{24DAC3B6-DFF3-475C-8F95-DB12E551D7B4}.Release|Any CPU.Build.0 = Release|Any CPU
	EndGlobalSection
	GlobalSection(SolutionProperties) = preSolution
		HideSolutionNode = FALSE
	EndGlobalSection
	GlobalSection(ExtensibilityGlobals) = postSolution
		SolutionGuid = {FD1B8FE4-1217-4B79-9012-A44E9F1F556A}
	EndGlobalSection
EndGlobal
